
Microsoft Visual Studio Solution File, Format Version 12.00
# Visual Studio 15
VisualStudioVersion = 15.0.28307.1321
MinimumVisualStudioVersion = 10.0.40219.1
Project("{FAE04EC0-301F-11D3-BF4B-00C04F79EFBC}") = "PromptDialog", "PromptDialog\PromptDialog.csproj", "{704ED8F8-9020-4D57-A9CD-67FF2D2DBA1E}"
EndProject
Global
	GlobalSection(SolutionConfigurationPlatforms) = preSolution
		Debug|Any CPU = Debug|Any CPU
		Release|Any CPU = Release|Any CPU
	EndGlobalSection
	GlobalSection(ProjectConfigurationPlatforms) = postSolution
		{704ED8F8-9020-4D57-A9CD-67FF2D2DBA1E}.Debug|Any CPU.ActiveCfg = Debug|Any CPU
		{704ED8F8-9020-4D57-A9CD-67FF2D2DBA1E}.Debug|Any CPU.Build.0 = Debug|Any CPU
		{704ED8F8-9020-4D57-A9CD-67FF2D2DBA1E}.Release|Any CPU.ActiveCfg = Release|Any CPU
		{704ED8F8-9020-4D57-A9CD-67FF2D2DBA1E}.Release|Any CPU.Build.0 = Release|Any CPU
	EndGlobalSection
	GlobalSection(SolutionProperties) = preSolution
		HideSolutionNode = FALSE
	EndGlobalSection
	GlobalSection(ExtensibilityGlobals) = postSolution
		SolutionGuid = {E79D7CBE-D5F3-4E5D-92E9-E0E215E860B3}
	EndGlobalSection
EndGlobal
